
Microsoft Visual Studio Solution File, Format Version 12.00
# Visual Studio Version 17
VisualStudioVersion = 17.0.31903.59
MinimumVisualStudioVersion = 10.0.40219.1
Project("{FAE04EC0-301F-11D3-BF4B-00C04F79EFBC}") = "MonitorImpresoras.Domain", "..\MonitorImpresoras.Domain\MonitorImpresoras.Domain.csproj", "{7DC9EDD4-8747-4112-BC2E-4B5680BED4FC}"
EndProject
Project("{FAE04EC0-301F-11D3-BF4B-00C04F79EFBC}") = "MonitorImpresoras.Application", "..\MonitorImpresoras.Application\MonitorImpresoras.Application.csproj", "{B4139129-4A06-4053-8A00-FB08C0CE926F}"
EndProject
Project("{FAE04EC0-301F-11D3-BF4B-00C04F79EFBC}") = "MonitorImpresoras.Infrastructure", "..\MonitorImpresoras.Infrastructure\MonitorImpresoras.Infrastructure.csproj", "{81F55008-FCB2-4814-8338-A70EE06D3B89}"
EndProject
Project("{FAE04EC0-301F-11D3-BF4B-00C04F79EFBC}") = "MonitorImpresoras.API", "..\MonitorImpresoras.API\MonitorImpresoras.API.csproj", "{3952025F-6B5A-4A30-A6D3-3B594692CBFA}"
EndProject
Global
	GlobalSection(SolutionConfigurationPlatforms) = preSolution
		Debug|Any CPU = Debug|Any CPU
		Debug|x64 = Debug|x64
		Debug|x86 = Debug|x86
		Release|Any CPU = Release|Any CPU
		Release|x64 = Release|x64
		Release|x86 = Release|x86
	EndGlobalSection
	GlobalSection(ProjectConfigurationPlatforms) = postSolution
		{7DC9EDD4-8747-4112-BC2E-4B5680BED4FC}.Debug|Any CPU.ActiveCfg = Debug|Any CPU
		{7DC9EDD4-8747-4112-BC2E-4B5680BED4FC}.Debug|Any CPU.Build.0 = Debug|Any CPU
		{7DC9EDD4-8747-4112-BC2E-4B5680BED4FC}.Debug|x64.ActiveCfg = Debug|Any CPU
		{7DC9EDD4-8747-4112-BC2E-4B5680BED4FC}.Debug|x64.Build.0 = Debug|Any CPU
		{7DC9EDD4-8747-4112-BC2E-4B5680BED4FC}.Debug|x86.ActiveCfg = Debug|Any CPU
		{7DC9EDD4-8747-4112-BC2E-4B5680BED4FC}.Debug|x86.Build.0 = Debug|Any CPU
		{7DC9EDD4-8747-4112-BC2E-4B5680BED4FC}.Release|Any CPU.ActiveCfg = Release|Any CPU
		{7DC9EDD4-8747-4112-BC2E-4B5680BED4FC}.Release|Any CPU.Build.0 = Release|Any CPU
		{7DC9EDD4-8747-4112-BC2E-4B5680BED4FC}.Release|x64.ActiveCfg = Release|Any CPU
		{7DC9EDD4-8747-4112-BC2E-4B5680BED4FC}.Release|x64.Build.0 = Release|Any CPU
		{7DC9EDD4-8747-4112-BC2E-4B5680BED4FC}.Release|x86.ActiveCfg = Release|Any CPU
		{7DC9EDD4-8747-4112-BC2E-4B5680BED4FC}.Release|x86.Build.0 = Release|Any CPU
		{B4139129-4A06-4053-8A00-FB08C0CE926F}.Debug|Any CPU.ActiveCfg = Debug|Any CPU
		{B4139129-4A06-4053-8A00-FB08C0CE926F}.Debug|Any CPU.Build.0 = Debug|Any CPU
		{B4139129-4A06-4053-8A00-FB08C0CE926F}.Debug|x64.ActiveCfg = Debug|Any CPU
		{B4139129-4A06-4053-8A00-FB08C0CE926F}.Debug|x64.Build.0 = Debug|Any CPU
		{B4139129-4A06-4053-8A00-FB08C0CE926F}.Debug|x86.ActiveCfg = Debug|Any CPU
		{B4139129-4A06-4053-8A00-FB08C0CE926F}.Debug|x86.Build.0 = Debug|Any CPU
		{B4139129-4A06-4053-8A00-FB08C0CE926F}.Release|Any CPU.ActiveCfg = Release|Any CPU
		{B4139129-4A06-4053-8A00-FB08C0CE926F}.Release|Any CPU.Build.0 = Release|Any CPU
		{B4139129-4A06-4053-8A00-FB08C0CE926F}.Release|x64.ActiveCfg = Release|Any CPU
		{B4139129-4A06-4053-8A00-FB08C0CE926F}.Release|x64.Build.0 = Release|Any CPU
		{B4139129-4A06-4053-8A00-FB08C0CE926F}.Release|x86.ActiveCfg = Release|Any CPU
		{B4139129-4A06-4053-8A00-FB08C0CE926F}.Release|x86.Build.0 = Release|Any CPU
		{81F55008-FCB2-4814-8338-A70EE06D3B89}.Debug|Any CPU.ActiveCfg = Debug|Any CPU
		{81F55008-FCB2-4814-8338-A70EE06D3B89}.Debug|Any CPU.Build.0 = Debug|Any CPU
		{81F55008-FCB2-4814-8338-A70EE06D3B89}.Debug|x64.ActiveCfg = Debug|Any CPU
		{81F55008-FCB2-4814-8338-A70EE06D3B89}.Debug|x64.Build.0 = Debug|Any CPU
		{81F55008-FCB2-4814-8338-A70EE06D3B89}.Debug|x86.ActiveCfg = Debug|Any CPU
		{81F55008-FCB2-4814-8338-A70EE06D3B89}.Debug|x86.Build.0 = Debug|Any CPU
		{81F55008-FCB2-4814-8338-A70EE06D3B89}.Release|Any CPU.ActiveCfg = Release|Any CPU
		{81F55008-FCB2-4814-8338-A70EE06D3B89}.Release|Any CPU.Build.0 = Release|Any CPU
		{81F55008-FCB2-4814-8338-A70EE06D3B89}.Release|x64.ActiveCfg = Release|Any CPU
		{81F55008-FCB2-4814-8338-A70EE06D3B89}.Release|x64.Build.0 = Release|Any CPU
		{81F55008-FCB2-4814-8338-A70EE06D3B89}.Release|x86.ActiveCfg = Release|Any CPU
		{81F55008-FCB2-4814-8338-A70EE06D3B89}.Release|x86.Build.0 = Release|Any CPU
		{3952025F-6B5A-4A30-A6D3-3B594692CBFA}.Debug|Any CPU.ActiveCfg = Debug|Any CPU
		{3952025F-6B5A-4A30-A6D3-3B594692CBFA}.Debug|Any CPU.Build.0 = Debug|Any CPU
		{3952025F-6B5A-4A30-A6D3-3B594692CBFA}.Debug|x64.ActiveCfg = Debug|Any CPU
		{3952025F-6B5A-4A30-A6D3-3B594692CBFA}.Debug|x64.Build.0 = Debug|Any CPU
		{3952025F-6B5A-4A30-A6D3-3B594692CBFA}.Debug|x86.ActiveCfg = Debug|Any CPU
		{3952025F-6B5A-4A30-A6D3-3B594692CBFA}.Debug|x86.Build.0 = Debug|Any CPU
		{3952025F-6B5A-4A30-A6D3-3B594692CBFA}.Release|Any CPU.ActiveCfg = Release|Any CPU
		{3952025F-6B5A-4A30-A6D3-3B594692CBFA}.Release|Any CPU.Build.0 = Release|Any CPU
		{3952025F-6B5A-4A30-A6D3-3B594692CBFA}.Release|x64.ActiveCfg = Release|Any CPU
		{3952025F-6B5A-4A30-A6D3-3B594692CBFA}.Release|x64.Build.0 = Release|Any CPU
		{3952025F-6B5A-4A30-A6D3-3B594692CBFA}.Release|x86.ActiveCfg = Release|Any CPU
		{3952025F-6B5A-4A30-A6D3-3B594692CBFA}.Release|x86.Build.0 = Release|Any CPU
	EndGlobalSection
	GlobalSection(SolutionProperties) = preSolution
		HideSolutionNode = FALSE
	EndGlobalSection
EndGlobal
